<?xml version="1.0" encoding="utf-8"?>
<Project ToolsVersion="4.0" xmlns="http://schemas.microsoft.com/developer/msbuild/2003">
  <ItemGroup>
    <Filter Include="Cuda Files">
      <UniqueIdentifier>{fa0e5f95-c4a4-4670-88da-843a102d909c}</UniqueIdentifier>
      <Extensions>cu</Extensions>
    </Filter>
    <Filter Include="Файлы заголовков">
      <UniqueIdentifier>{e8393ddb-24ba-473c-9286-a589dcb54f85}</UniqueIdentifier>
      <Extensions>h;hh;hpp;hxx;hm;inl;inc;ipp;xsd</Extensions>
    </Filter>
    <Filter Include="Implementation FIles">
      <UniqueIdentifier>{d6c4ec33-b6d3-431d-88e2-8a0ef73e4a3d}</UniqueIdentifier>
    </Filter>
  </ItemGroup>
  <ItemGroup>
    <CudaCompile Include="gridop2_dim.cu">
      <Filter>Cuda Files</Filter>
    </CudaCompile>
  </ItemGroup>
  <ItemGroup>
    <ClInclude Include="pch.h">
      <Filter>Файлы заголовков</Filter>
    </ClInclude>
    <ClInclude Include="..\gridop2_src\gridop2_dim_cpp.h">
      <Filter>Implementation FIles</Filter>
    </ClInclude>
    <ClInclude Include="..\gridop2_src\average_operator.hpp">
      <Filter>Файлы заголовков</Filter>
    </ClInclude>
    <ClInclude Include="..\gridop2_src\catch.h">
      <Filter>Файлы заголовков</Filter>
    </ClInclude>
    <ClInclude Include="..\gridop2_src\cyclic.hpp">
      <Filter>Файлы заголовков</Filter>
    </ClInclude>
    <ClInclude Include="..\gridop2_src\cyclic_index.hpp">
      <Filter>Файлы заголовков</Filter>
    </ClInclude>
    <ClInclude Include="..\gridop2_src\first_derivative_operator_dim.hpp">
      <Filter>Файлы заголовков</Filter>
    </ClInclude>
    <ClInclude Include="..\gridop2_src\gridop2_cpp.h">
      <Filter>Файлы заголовков</Filter>
    </ClInclude>
    <ClInclude Include="..\gridop2_src\gridop2_dim_include.h">
      <Filter>Файлы заголовков</Filter>
    </ClInclude>
    <ClInclude Include="..\gridop2_src\symmetric_index.hpp">
      <Filter>Файлы заголовков</Filter>
    </ClInclude>
  </ItemGroup>
</Project>